// !$*UTF8*$!
{
	archiveVersion = 1;
	classes = {
	};
	objectVersion = 56;
	objects = {

/* Begin PBXBuildFile section */
		3123A61E2D5B709700564B32 /* Identification_AppApp.swift in Sources */ = {isa = PBXBuildFile; fileRef = 3123A61D2D5B709700564B32 /* Identification_AppApp.swift */; };
		3123A6202D5B709700564B32 /* ContentView.swift in Sources */ = {isa = PBXBuildFile; fileRef = 3123A61F2D5B709700564B32 /* ContentView.swift */; };
		3123A6222D5B709800564B32 /* Assets.xcassets in Resources */ = {isa = PBXBuildFile; fileRef = 3123A6212D5B709800564B32 /* Assets.xcassets */; };
		3123A6252D5B709800564B32 /* Preview Assets.xcassets in Resources */ = {isa = PBXBuildFile; fileRef = 3123A6242D5B709800564B32 /* Preview Assets.xcassets */; };
		3123A62F2D5B709900564B32 /* Identification_AppTests.swift in Sources */ = {isa = PBXBuildFile; fileRef = 3123A62E2D5B709900564B32 /* Identification_AppTests.swift */; };
		3123A6392D5B709900564B32 /* Identification_AppUITests.swift in Sources */ = {isa = PBXBuildFile; fileRef = 3123A6382D5B709900564B32 /* Identification_AppUITests.swift */; };
		3123A63B2D5B709900564B32 /* Identification_AppUITestsLaunchTests.swift in Sources */ = {isa = PBXBuildFile; fileRef = 3123A63A2D5B709900564B32 /* Identification_AppUITestsLaunchTests.swift */; };
		3123A6482D6099AF00564B32 /* Controller.swift in Sources */ = {isa = PBXBuildFile; fileRef = 3123A6472D6099AF00564B32 /* Controller.swift */; };
		3123A64B2D6EF04500564B32 /* APIService.swift in Sources */ = {isa = PBXBuildFile; fileRef = 3123A64A2D6EF04500564B32 /* APIService.swift */; };
/* End PBXBuildFile section */

/* Begin PBXContainerItemProxy section */
		3123A62B2D5B709900564B32 /* PBXContainerItemProxy */ = {
			isa = PBXContainerItemProxy;
			containerPortal = 3123A6122D5B709700564B32 /* Project object */;
			proxyType = 1;
			remoteGlobalIDString = 3123A6192D5B709700564B32;
			remoteInfo = "Identification App";
		};
		3123A6352D5B709900564B32 /* PBXContainerItemProxy */ = {
			isa = PBXContainerItemProxy;
			containerPortal = 3123A6122D5B709700564B32 /* Project object */;
			proxyType = 1;
			remoteGlobalIDString = 3123A6192D5B709700564B32;
			remoteInfo = "Identification App";
		};
/* End PBXContainerItemProxy section */

/* Begin PBXFileReference section */
		3123A61A2D5B709700564B32 /* Identification App.app */ = {isa = PBXFileReference; explicitFileType = wrapper.application; includeInIndex = 0; path = "Identification App.app"; sourceTree = BUILT_PRODUCTS_DIR; };
		3123A61D2D5B709700564B32 /* Identification_AppApp.swift */ = {isa = PBXFileReference; lastKnownFileType = sourcecode.swift; path = Identification_AppApp.swift; sourceTree = "<group>"; };
		3123A61F2D5B709700564B32 /* ContentView.swift */ = {isa = PBXFileReference; lastKnownFileType = sourcecode.swift; path = ContentView.swift; sourceTree = "<group>"; };
		3123A6212D5B709800564B32 /* Assets.xcassets */ = {isa = PBXFileReference; lastKnownFileType = folder.assetcatalog; path = Assets.xcassets; sourceTree = "<group>"; };
		3123A6242D5B709800564B32 /* Preview Assets.xcassets */ = {isa = PBXFileReference; lastKnownFileType = folder.assetcatalog; path = "Preview Assets.xcassets"; sourceTree = "<group>"; };
		3123A62A2D5B709900564B32 /* Identification AppTests.xctest */ = {isa = PBXFileReference; explicitFileType = wrapper.cfbundle; includeInIndex = 0; path = "Identification AppTests.xctest"; sourceTree = BUILT_PRODUCTS_DIR; };
		3123A62E2D5B709900564B32 /* Identification_AppTests.swift */ = {isa = PBXFileReference; lastKnownFileType = sourcecode.swift; path = Identification_AppTests.swift; sourceTree = "<group>"; };
		3123A6342D5B709900564B32 /* Identification AppUITests.xctest */ = {isa = PBXFileReference; explicitFileType = wrapper.cfbundle; includeInIndex = 0; path = "Identification AppUITests.xctest"; sourceTree = BUILT_PRODUCTS_DIR; };
		3123A6382D5B709900564B32 /* Identification_AppUITests.swift */ = {isa = PBXFileReference; lastKnownFileType = sourcecode.swift; path = Identification_AppUITests.swift; sourceTree = "<group>"; };
		3123A63A2D5B709900564B32 /* Identification_AppUITestsLaunchTests.swift */ = {isa = PBXFileReference; lastKnownFileType = sourcecode.swift; path = Identification_AppUITestsLaunchTests.swift; sourceTree = "<group>"; };
		3123A6472D6099AF00564B32 /* Controller.swift */ = {isa = PBXFileReference; lastKnownFileType = sourcecode.swift; path = Controller.swift; sourceTree = "<group>"; };
		3123A6492D6ED52A00564B32 /* Identification-App-Info.plist */ = {isa = PBXFileReference; lastKnownFileType = text.plist; path = "Identification-App-Info.plist"; sourceTree = SOURCE_ROOT; };
		3123A64A2D6EF04500564B32 /* APIService.swift */ = {isa = PBXFileReference; lastKnownFileType = sourcecode.swift; path = APIService.swift; sourceTree = "<group>"; };
/* End PBXFileReference section */

/* Begin PBXFrameworksBuildPhase section */
		3123A6172D5B709700564B32 /* Frameworks */ = {
			isa = PBXFrameworksBuildPhase;
			buildActionMask = 2147483647;
			files = (
			);
			runOnlyForDeploymentPostprocessing = 0;
		};
		3123A6272D5B709900564B32 /* Frameworks */ = {
			isa = PBXFrameworksBuildPhase;
			buildActionMask = 2147483647;
			files = (
			);
			runOnlyForDeploymentPostprocessing = 0;
		};
		3123A6312D5B709900564B32 /* Frameworks */ = {
			isa = PBXFrameworksBuildPhase;
			buildActionMask = 2147483647;
			files = (
			);
			runOnlyForDeploymentPostprocessing = 0;
		};
/* End PBXFrameworksBuildPhase section */

/* Begin PBXGroup section */
		3123A6112D5B709700564B32 = {
			isa = PBXGroup;
			children = (
				3123A61C2D5B709700564B32 /* Identification App */,
				3123A62D2D5B709900564B32 /* Identification AppTests */,
				3123A6372D5B709900564B32 /* Identification AppUITests */,
				3123A61B2D5B709700564B32 /* Products */,
			);
			sourceTree = "<group>";
		};
		3123A61B2D5B709700564B32 /* Products */ = {
			isa = PBXGroup;
			children = (
				3123A61A2D5B709700564B32 /* Identification App.app */,
				3123A62A2D5B709900564B32 /* Identification AppTests.xctest */,
				3123A6342D5B709900564B32 /* Identification AppUITests.xctest */,
			);
			name = Products;
			sourceTree = "<group>";
		};
		3123A61C2D5B709700564B32 /* Identification App */ = {
			isa = PBXGroup;
			children = (
				3123A6492D6ED52A00564B32 /* Identification-App-Info.plist */,
				3123A61D2D5B709700564B32 /* Identification_AppApp.swift */,
				3123A61F2D5B709700564B32 /* ContentView.swift */,
				3123A6212D5B709800564B32 /* Assets.xcassets */,
				3123A6232D5B709800564B32 /* Preview Content */,
				3123A6472D6099AF00564B32 /* Controller.swift */,
				3123A64A2D6EF04500564B32 /* APIService.swift */,
			);
			path = "Identification App";
			sourceTree = "<group>";
		};
		3123A6232D5B709800564B32 /* Preview Content */ = {
			isa = PBXGroup;
			children = (
				3123A6242D5B709800564B32 /* Preview Assets.xcassets */,
			);
			path = "Preview Content";
			sourceTree = "<group>";
		};
		3123A62D2D5B709900564B32 /* Identification AppTests */ = {
			isa = PBXGroup;
			children = (
				3123A62E2D5B709900564B32 /* Identification_AppTests.swift */,
			);
			path = "Identification AppTests";
			sourceTree = "<group>";
		};
		3123A6372D5B709900564B32 /* Identification AppUITests */ = {
			isa = PBXGroup;
			children = (
				3123A6382D5B709900564B32 /* Identification_AppUITests.swift */,
				3123A63A2D5B709900564B32 /* Identification_AppUITestsLaunchTests.swift */,
			);
			path = "Identification AppUITests";
			sourceTree = "<group>";
		};
/* End PBXGroup section */

/* Begin PBXNativeTarget section */
		3123A6192D5B709700564B32 /* Identification App */ = {
			isa = PBXNativeTarget;
			buildConfigurationList = 3123A63E2D5B709900564B32 /* Build configuration list for PBXNativeTarget "Identification App" */;
			buildPhases = (
				3123A6162D5B709700564B32 /* Sources */,
				3123A6172D5B709700564B32 /* Frameworks */,
				3123A6182D5B709700564B32 /* Resources */,
			);
			buildRules = (
			);
			dependencies = (
			);
			name = "Identification App";
			productName = "Identification App";
			productReference = 3123A61A2D5B709700564B32 /* Identification App.app */;
			productType = "com.apple.product-type.application";
		};
		3123A6292D5B709900564B32 /* Identification AppTests */ = {
			isa = PBXNativeTarget;
			buildConfigurationList = 3123A6412D5B709900564B32 /* Build configuration list for PBXNativeTarget "Identification AppTests" */;
			buildPhases = (
				3123A6262D5B709900564B32 /* Sources */,
				3123A6272D5B709900564B32 /* Frameworks */,
				3123A6282D5B709900564B32 /* Resources */,
			);
			buildRules = (
			);
			dependencies = (
				3123A62C2D5B709900564B32 /* PBXTargetDependency */,
			);
			name = "Identification AppTests";
			productName = "Identification AppTests";
			productReference = 3123A62A2D5B709900564B32 /* Identification AppTests.xctest */;
			productType = "com.apple.product-type.bundle.unit-test";
		};
		3123A6332D5B709900564B32 /* Identification AppUITests */ = {
			isa = PBXNativeTarget;
			buildConfigurationList = 3123A6442D5B709900564B32 /* Build configuration list for PBXNativeTarget "Identification AppUITests" */;
			buildPhases = (
				3123A6302D5B709900564B32 /* Sources */,
				3123A6312D5B709900564B32 /* Frameworks */,
				3123A6322D5B709900564B32 /* Resources */,
			);
			buildRules = (
			);
			dependencies = (
				3123A6362D5B709900564B32 /* PBXTargetDependency */,
			);
			name = "Identification AppUITests";
			productName = "Identification AppUITests";
			productReference = 3123A6342D5B709900564B32 /* Identification AppUITests.xctest */;
			productType = "com.apple.product-type.bundle.ui-testing";
		};
/* End PBXNativeTarget section */

/* Begin PBXProject section */
		3123A6122D5B709700564B32 /* Project object */ = {
			isa = PBXProject;
			attributes = {
				BuildIndependentTargetsInParallel = 1;
				LastSwiftUpdateCheck = 1530;
				LastUpgradeCheck = 1530;
				ORGANIZATIONNAME = TestAllen;
				TargetAttributes = {
					3123A6192D5B709700564B32 = {
						CreatedOnToolsVersion = 15.3;
					};
					3123A6292D5B709900564B32 = {
						CreatedOnToolsVersion = 15.3;
						TestTargetID = 3123A6192D5B709700564B32;
					};
					3123A6332D5B709900564B32 = {
						CreatedOnToolsVersion = 15.3;
						TestTargetID = 3123A6192D5B709700564B32;
					};
				};
			};
			buildConfigurationList = 3123A6152D5B709700564B32 /* Build configuration list for PBXProject "Identification App" */;
			compatibilityVersion = "Xcode 14.0";
			developmentRegion = en;
			hasScannedForEncodings = 0;
			knownRegions = (
				en,
				Base,
			);
			mainGroup = 3123A6112D5B709700564B32;
			productRefGroup = 3123A61B2D5B709700564B32 /* Products */;
			projectDirPath = "";
			projectRoot = "";
			targets = (
				3123A6192D5B709700564B32 /* Identification App */,
				3123A6292D5B709900564B32 /* Identification AppTests */,
				3123A6332D5B709900564B32 /* Identification AppUITests */,
			);
		};
/* End PBXProject section */

/* Begin PBXResourcesBuildPhase section */
		3123A6182D5B709700564B32 /* Resources */ = {
			isa = PBXResourcesBuildPhase;
			buildActionMask = 2147483647;
			files = (
				3123A6252D5B709800564B32 /* Preview Assets.xcassets in Resources */,
				3123A6222D5B709800564B32 /* Assets.xcassets in Resources */,
			);
			runOnlyForDeploymentPostprocessing = 0;
		};
		3123A6282D5B709900564B32 /* Resources */ = {
			isa = PBXResourcesBuildPhase;
			buildActionMask = 2147483647;
			files = (
			);
			runOnlyForDeploymentPostprocessing = 0;
		};
		3123A6322D5B709900564B32 /* Resources */ = {
			isa = PBXResourcesBuildPhase;
			buildActionMask = 2147483647;
			files = (
			);
			runOnlyForDeploymentPostprocessing = 0;
		};
/* End PBXResourcesBuildPhase section */

/* Begin PBXSourcesBuildPhase section */
		3123A6162D5B709700564B32 /* Sources */ = {
			isa = PBXSourcesBuildPhase;
			buildActionMask = 2147483647;
			files = (
				3123A6482D6099AF00564B32 /* Controller.swift in Sources */,
				3123A6202D5B709700564B32 /* ContentView.swift in Sources */,
				3123A64B2D6EF04500564B32 /* APIService.swift in Sources */,
				3123A61E2D5B709700564B32 /* Identification_AppApp.swift in Sources */,
			);
			runOnlyForDeploymentPostprocessing = 0;
		};
		3123A6262D5B709900564B32 /* Sources */ = {
			isa = PBXSourcesBuildPhase;
			buildActionMask = 2147483647;
			files = (
				3123A62F2D5B709900564B32 /* Identification_AppTests.swift in Sources */,
			);
			runOnlyForDeploymentPostprocessing = 0;
		};
		3123A6302D5B709900564B32 /* Sources */ = {
			isa = PBXSourcesBuildPhase;
			buildActionMask = 2147483647;
			files = (
				3123A63B2D5B709900564B32 /* Identification_AppUITestsLaunchTests.swift in Sources */,
				3123A6392D5B709900564B32 /* Identification_AppUITests.swift in Sources */,
			);
			runOnlyForDeploymentPostprocessing = 0;
		};
/* End PBXSourcesBuildPhase section */

/* Begin PBXTargetDependency section */
		3123A62C2D5B709900564B32 /* PBXTargetDependency */ = {
			isa = PBXTargetDependency;
			target = 3123A6192D5B709700564B32 /* Identification App */;
			targetProxy = 3123A62B2D5B709900564B32 /* PBXContainerItemProxy */;
		};
		3123A6362D5B709900564B32 /* PBXTargetDependency */ = {
			isa = PBXTargetDependency;
			target = 3123A6192D5B709700564B32 /* Identification App */;
			targetProxy = 3123A6352D5B709900564B32 /* PBXContainerItemProxy */;
		};
/* End PBXTargetDependency section */

/* Begin XCBuildConfiguration section */
		3123A63C2D5B709900564B32 /* Debug */ = {
			isa = XCBuildConfiguration;
			buildSettings = {
				ALWAYS_SEARCH_USER_PATHS = NO;
				ASSETCATALOG_COMPILER_GENERATE_SWIFT_ASSET_SYMBOL_EXTENSIONS = YES;
				CLANG_ANALYZER_NONNULL = YES;
				CLANG_ANALYZER_NUMBER_OBJECT_CONVERSION = YES_AGGRESSIVE;
				CLANG_CXX_LANGUAGE_STANDARD = "gnu++20";
				CLANG_ENABLE_MODULES = YES;
				CLANG_ENABLE_OBJC_ARC = YES;
				CLANG_ENABLE_OBJC_WEAK = YES;
				CLANG_WARN_BLOCK_CAPTURE_AUTORELEASING = YES;
				CLANG_WARN_BOOL_CONVERSION = YES;
				CLANG_WARN_COMMA = YES;
				CLANG_WARN_CONSTANT_CONVERSION = YES;
				CLANG_WARN_DEPRECATED_OBJC_IMPLEMENTATIONS = YES;
				CLANG_WARN_DIRECT_OBJC_ISA_USAGE = YES_ERROR;
				CLANG_WARN_DOCUMENTATION_COMMENTS = YES;
				CLANG_WARN_EMPTY_BODY = YES;
				CLANG_WARN_ENUM_CONVERSION = YES;
				CLANG_WARN_INFINITE_RECURSION = YES;
				CLANG_WARN_INT_CONVERSION = YES;
				CLANG_WARN_NON_LITERAL_NULL_CONVERSION = YES;
				CLANG_WARN_OBJC_IMPLICIT_RETAIN_SELF = YES;
				CLANG_WARN_OBJC_LITERAL_CONVERSION = YES;
				CLANG_WARN_OBJC_ROOT_CLASS = YES_ERROR;
				CLANG_WARN_QUOTED_INCLUDE_IN_FRAMEWORK_HEADER = YES;
				CLANG_WARN_RANGE_LOOP_ANALYSIS = YES;
				CLANG_WARN_STRICT_PROTOTYPES = YES;
				CLANG_WARN_SUSPICIOUS_MOVE = YES;
				CLANG_WARN_UNGUARDED_AVAILABILITY = YES_AGGRESSIVE;
				CLANG_WARN_UNREACHABLE_CODE = YES;
				CLANG_WARN__DUPLICATE_METHOD_MATCH = YES;
				COPY_PHASE_STRIP = NO;
				DEBUG_INFORMATION_FORMAT = dwarf;
				ENABLE_STRICT_OBJC_MSGSEND = YES;
				ENABLE_TESTABILITY = YES;
				ENABLE_USER_SCRIPT_SANDBOXING = YES;
				GCC_C_LANGUAGE_STANDARD = gnu17;
				GCC_DYNAMIC_NO_PIC = NO;
				GCC_NO_COMMON_BLOCKS = YES;
				GCC_OPTIMIZATION_LEVEL = 0;
				GCC_PREPROCESSOR_DEFINITIONS = (
					"DEBUG=1",
					"$(inherited)",
				);
				GCC_WARN_64_TO_32_BIT_CONVERSION = YES;
				GCC_WARN_ABOUT_RETURN_TYPE = YES_ERROR;
				GCC_WARN_UNDECLARED_SELECTOR = YES;
				GCC_WARN_UNINITIALIZED_AUTOS = YES_AGGRESSIVE;
				GCC_WARN_UNUSED_FUNCTION = YES;
				GCC_WARN_UNUSED_VARIABLE = YES;
				IPHONEOS_DEPLOYMENT_TARGET = 17.4;
				LOCALIZATION_PREFERS_STRING_CATALOGS = YES;
				MTL_ENABLE_DEBUG_INFO = INCLUDE_SOURCE;
				MTL_FAST_MATH = YES;
				ONLY_ACTIVE_ARCH = YES;
				SDKROOT = iphoneos;
				SWIFT_ACTIVE_COMPILATION_CONDITIONS = "DEBUG $(inherited)";
				SWIFT_OPTIMIZATION_LEVEL = "-Onone";
			};
			name = Debug;
		};
		3123A63D2D5B709900564B32 /* Release */ = {
			isa = XCBuildConfiguration;
			buildSettings = {
				ALWAYS_SEARCH_USER_PATHS = NO;
				ASSETCATALOG_COMPILER_GENERATE_SWIFT_ASSET_SYMBOL_EXTENSIONS = YES;
				CLANG_ANALYZER_NONNULL = YES;
				CLANG_ANALYZER_NUMBER_OBJECT_CONVERSION = YES_AGGRESSIVE;
				CLANG_CXX_LANGUAGE_STANDARD = "gnu++20";
				CLANG_ENABLE_MODULES = YES;
				CLANG_ENABLE_OBJC_ARC = YES;
				CLANG_ENABLE_OBJC_WEAK = YES;
				CLANG_WARN_BLOCK_CAPTURE_AUTORELEASING = YES;
				CLANG_WARN_BOOL_CONVERSION = YES;
				CLANG_WARN_COMMA = YES;
				CLANG_WARN_CONSTANT_CONVERSION = YES;
				CLANG_WARN_DEPRECATED_OBJC_IMPLEMENTATIONS = YES;
				CLANG_WARN_DIRECT_OBJC_ISA_USAGE = YES_ERROR;
				CLANG_WARN_DOCUMENTATION_COMMENTS = YES;
				CLANG_WARN_EMPTY_BODY = YES;
				CLANG_WARN_ENUM_CONVERSION = YES;
				CLANG_WARN_INFINITE_RECURSION = YES;
				CLANG_WARN_INT_CONVERSION = YES;
				CLANG_WARN_NON_LITERAL_NULL_CONVERSION = YES;
				CLANG_WARN_OBJC_IMPLICIT_RETAIN_SELF = YES;
				CLANG_WARN_OBJC_LITERAL_CONVERSION = YES;
				CLANG_WARN_OBJC_ROOT_CLASS = YES_ERROR;
				CLANG_WARN_QUOTED_INCLUDE_IN_FRAMEWORK_HEADER = YES;
				CLANG_WARN_RANGE_LOOP_ANALYSIS = YES;
				CLANG_WARN_STRICT_PROTOTYPES = YES;
				CLANG_WARN_SUSPICIOUS_MOVE = YES;
				CLANG_WARN_UNGUARDED_AVAILABILITY = YES_AGGRESSIVE;
				CLANG_WARN_UNREACHABLE_CODE = YES;
				CLANG_WARN__DUPLICATE_METHOD_MATCH = YES;
				COPY_PHASE_STRIP = NO;
				DEBUG_INFORMATION_FORMAT = "dwarf-with-dsym";
				ENABLE_NS_ASSERTIONS = NO;
				ENABLE_STRICT_OBJC_MSGSEND = YES;
				ENABLE_USER_SCRIPT_SANDBOXING = YES;
				GCC_C_LANGUAGE_STANDARD = gnu17;
				GCC_NO_COMMON_BLOCKS = YES;
				GCC_WARN_64_TO_32_BIT_CONVERSION = YES;
				GCC_WARN_ABOUT_RETURN_TYPE = YES_ERROR;
				GCC_WARN_UNDECLARED_SELECTOR = YES;
				GCC_WARN_UNINITIALIZED_AUTOS = YES_AGGRESSIVE;
				GCC_WARN_UNUSED_FUNCTION = YES;
				GCC_WARN_UNUSED_VARIABLE = YES;
				IPHONEOS_DEPLOYMENT_TARGET = 17.4;
				LOCALIZATION_PREFERS_STRING_CATALOGS = YES;
				MTL_ENABLE_DEBUG_INFO = NO;
				MTL_FAST_MATH = YES;
				SDKROOT = iphoneos;
				SWIFT_COMPILATION_MODE = wholemodule;
				VALIDATE_PRODUCT = YES;
			};
			name = Release;
		};
		3123A63F2D5B709900564B32 /* Debug */ = {
			isa = XCBuildConfiguration;
			buildSettings = {
				ASSETCATALOG_COMPILER_APPICON_NAME = AppIcon;
				ASSETCATALOG_COMPILER_GLOBAL_ACCENT_COLOR_NAME = AccentColor;
				CODE_SIGN_STYLE = Automatic;
				CURRENT_PROJECT_VERSION = 1;
				DEVELOPMENT_ASSET_PATHS = "\"Identification App/Preview Content\"";
				DEVELOPMENT_TEAM = BLWSV8TG9G;
				ENABLE_PREVIEWS = YES;
				GENERATE_INFOPLIST_FILE = YES;
				INFOPLIST_FILE = "Identification-App-Info.plist";
				INFOPLIST_KEY_UIApplicationSceneManifest_Generation = YES;
				INFOPLIST_KEY_UIApplicationSupportsIndirectInputEvents = YES;
				INFOPLIST_KEY_UILaunchScreen_Generation = YES;
				INFOPLIST_KEY_UISupportedInterfaceOrientations_iPad = "UIInterfaceOrientationPortrait UIInterfaceOrientationPortraitUpsideDown UIInterfaceOrientationLandscapeLeft UIInterfaceOrientationLandscapeRight";
				INFOPLIST_KEY_UISupportedInterfaceOrientations_iPhone = "UIInterfaceOrientationPortrait UIInterfaceOrientationLandscapeLeft UIInterfaceOrientationLandscapeRight";
				LD_RUNPATH_SEARCH_PATHS = (
					"$(inherited)",
					"@executable_path/Frameworks",
				);
				MARKETING_VERSION = 1.0;
				PRODUCT_BUNDLE_IDENTIFIER = "test.Identification-App";
				PRODUCT_NAME = "$(TARGET_NAME)";
				SWIFT_EMIT_LOC_STRINGS = YES;
				SWIFT_VERSION = 5.0;
				TARGETED_DEVICE_FAMILY = "1,2";
			};
			name = Debug;
		};
		3123A6402D5B709900564B32 /* Release */ = {
			isa = XCBuildConfiguration;
			buildSettings = {
				ASSETCATALOG_COMPILER_APPICON_NAME = AppIcon;
				ASSETCATALOG_COMPILER_GLOBAL_ACCENT_COLOR_NAME = AccentColor;
				CODE_SIGN_STYLE = Automatic;
				CURRENT_PROJECT_VERSION = 1;
				DEVELOPMENT_ASSET_PATHS = "\"Identification App/Preview Content\"";
				DEVELOPMENT_TEAM = BLWSV8TG9G;
				ENABLE_PREVIEWS = YES;
				GENERATE_INFOPLIST_FILE = YES;
				INFOPLIST_FILE = "Identification-App-Info.plist";
				INFOPLIST_KEY_UIApplicationSceneManifest_Generation = YES;
				INFOPLIST_KEY_UIApplicationSupportsIndirectInputEvents = YES;
				INFOPLIST_KEY_UILaunchScreen_Generation = YES;
				INFOPLIST_KEY_UISupportedInterfaceOrientations_iPad = "UIInterfaceOrientationPortrait UIInterfaceOrientationPortraitUpsideDown UIInterfaceOrientationLandscapeLeft UIInterfaceOrientationLandscapeRight";
				INFOPLIST_KEY_UISupportedInterfaceOrientations_iPhone = "UIInterfaceOrientationPortrait UIInterfaceOrientationLandscapeLeft UIInterfaceOrientationLandscapeRight";
				LD_RUNPATH_SEARCH_PATHS = (
					"$(inherited)",
					"@executable_path/Frameworks",
				);
				MARKETING_VERSION = 1.0;
				PRODUCT_BUNDLE_IDENTIFIER = "test.Identification-App";
				PRODUCT_NAME = "$(TARGET_NAME)";
				SWIFT_EMIT_LOC_STRINGS = YES;
				SWIFT_VERSION = 5.0;
				TARGETED_DEVICE_FAMILY = "1,2";
			};
			name = Release;
		};
		3123A6422D5B709900564B32 /* Debug */ = {
			isa = XCBuildConfiguration;
			buildSettings = {
				ALWAYS_EMBED_SWIFT_STANDARD_LIBRARIES = YES;
				BUNDLE_LOADER = "$(TEST_HOST)";
				CODE_SIGN_STYLE = Automatic;
				CURRENT_PROJECT_VERSION = 1;
				GENERATE_INFOPLIST_FILE = YES;
				IPHONEOS_DEPLOYMENT_TARGET = 17.4;
				MARKETING_VERSION = 1.0;
				PRODUCT_BUNDLE_IDENTIFIER = "test.Identification-AppTests";
				PRODUCT_NAME = "$(TARGET_NAME)";
				SWIFT_EMIT_LOC_STRINGS = NO;
				SWIFT_VERSION = 5.0;
				TARGETED_DEVICE_FAMILY = "1,2";
				TEST_HOST = "$(BUILT_PRODUCTS_DIR)/Identification App.app/$(BUNDLE_EXECUTABLE_FOLDER_PATH)/Identification App";
			};
			name = Debug;
		};
		3123A6432D5B709900564B32 /* Release */ = {
			isa = XCBuildConfiguration;
			buildSettings = {
				ALWAYS_EMBED_SWIFT_STANDARD_LIBRARIES = YES;
				BUNDLE_LOADER = "$(TEST_HOST)";
				CODE_SIGN_STYLE = Automatic;
				CURRENT_PROJECT_VERSION = 1;
				GENERATE_INFOPLIST_FILE = YES;
				IPHONEOS_DEPLOYMENT_TARGET = 17.4;
				MARKETING_VERSION = 1.0;
				PRODUCT_BUNDLE_IDENTIFIER = "test.Identification-AppTests";
				PRODUCT_NAME = "$(TARGET_NAME)";
				SWIFT_EMIT_LOC_STRINGS = NO;
				SWIFT_VERSION = 5.0;
				TARGETED_DEVICE_FAMILY = "1,2";
				TEST_HOST = "$(BUILT_PRODUCTS_DIR)/Identification App.app/$(BUNDLE_EXECUTABLE_FOLDER_PATH)/Identification App";
			};
			name = Release;
		};
		3123A6452D5B709900564B32 /* Debug */ = {
			isa = XCBuildConfiguration;
			buildSettings = {
				ALWAYS_EMBED_SWIFT_STANDARD_LIBRARIES = YES;
				CODE_SIGN_STYLE = Automatic;
				CURRENT_PROJECT_VERSION = 1;
				GENERATE_INFOPLIST_FILE = YES;
				MARKETING_VERSION = 1.0;
				PRODUCT_BUNDLE_IDENTIFIER = "test.Identification-AppUITests";
				PRODUCT_NAME = "$(TARGET_NAME)";
				SWIFT_EMIT_LOC_STRINGS = NO;
				SWIFT_VERSION = 5.0;
				TARGETED_DEVICE_FAMILY = "1,2";
				TEST_TARGET_NAME = "Identification App";
			};
			name = Debug;
		};
		3123A6462D5B709900564B32 /* Release */ = {
			isa = XCBuildConfiguration;
			buildSettings = {
				ALWAYS_EMBED_SWIFT_STANDARD_LIBRARIES = YES;
				CODE_SIGN_STYLE = Automatic;
				CURRENT_PROJECT_VERSION = 1;
				GENERATE_INFOPLIST_FILE = YES;
				MARKETING_VERSION = 1.0;
				PRODUCT_BUNDLE_IDENTIFIER = "test.Identification-AppUITests";
				PRODUCT_NAME = "$(TARGET_NAME)";
				SWIFT_EMIT_LOC_STRINGS = NO;
				SWIFT_VERSION = 5.0;
				TARGETED_DEVICE_FAMILY = "1,2";
				TEST_TARGET_NAME = "Identification App";
			};
			name = Release;
		};
/* End XCBuildConfiguration section */

/* Begin XCConfigurationList section */
		3123A6152D5B709700564B32 /* Build configuration list for PBXProject "Identification App" */ = {
			isa = XCConfigurationList;
			buildConfigurations = (
				3123A63C2D5B709900564B32 /* Debug */,
				3123A63D2D5B709900564B32 /* Release */,
			);
			defaultConfigurationIsVisible = 0;
			defaultConfigurationName = Release;
		};
		3123A63E2D5B709900564B32 /* Build configuration list for PBXNativeTarget "Identification App" */ = {
			isa = XCConfigurationList;
			buildConfigurations = (
				3123A63F2D5B709900564B32 /* Debug */,
				3123A6402D5B709900564B32 /* Release */,
			);
			defaultConfigurationIsVisible = 0;
			defaultConfigurationName = Release;
		};
		3123A6412D5B709900564B32 /* Build configuration list for PBXNativeTarget "Identification AppTests" */ = {
			isa = XCConfigurationList;
			buildConfigurations = (
				3123A6422D5B709900564B32 /* Debug */,
				3123A6432D5B709900564B32 /* Release */,
			);
			defaultConfigurationIsVisible = 0;
			defaultConfigurationName = Release;
		};
		3123A6442D5B709900564B32 /* Build configuration list for PBXNativeTarget "Identification AppUITests" */ = {
			isa = XCConfigurationList;
			buildConfigurations = (
				3123A6452D5B709900564B32 /* Debug */,
				3123A6462D5B709900564B32 /* Release */,
			);
			defaultConfigurationIsVisible = 0;
			defaultConfigurationName = Release;
		};
/* End XCConfigurationList section */
	};
	rootObject = 3123A6122D5B709700564B32 /* Project object */;
}
